// !$*UTF8*$!
{
	archiveVersion = 1;
	classes = {
	};
	objectVersion = 46;
	objects = {

/* Begin PBXBuildFile section */
		0E3809B9CFABC690C99B7F48 /* Pods_Makestagram.framework in Frameworks */ = {isa = PBXBuildFile; fileRef = F83B043360043B86E1027E0C /* Pods_Makestagram.framework */; };
		BD056A3D1F13BD1F0001ABF9 /* AppDelegate.swift in Sources */ = {isa = PBXBuildFile; fileRef = BD056A3C1F13BD1F0001ABF9 /* AppDelegate.swift */; };
		BD056A421F13BD200001ABF9 /* Main.storyboard in Resources */ = {isa = PBXBuildFile; fileRef = BD056A401F13BD200001ABF9 /* Main.storyboard */; };
		BD056A441F13BD200001ABF9 /* Assets.xcassets in Resources */ = {isa = PBXBuildFile; fileRef = BD056A431F13BD200001ABF9 /* Assets.xcassets */; };
		BD056A471F13BD200001ABF9 /* LaunchScreen.storyboard in Resources */ = {isa = PBXBuildFile; fileRef = BD056A451F13BD200001ABF9 /* LaunchScreen.storyboard */; };
		BD056A4F1F13DF740001ABF9 /* GoogleService-Info.plist in Resources */ = {isa = PBXBuildFile; fileRef = BD056A4E1F13DF740001ABF9 /* GoogleService-Info.plist */; };
		BD056A511F13ED270001ABF9 /* ViewController.swift in Sources */ = {isa = PBXBuildFile; fileRef = BD056A501F13ED270001ABF9 /* ViewController.swift */; };
		BD056A571F1408F20001ABF9 /* Storyboard.storyboard in Resources */ = {isa = PBXBuildFile; fileRef = BD056A561F1408F20001ABF9 /* Storyboard.storyboard */; };
		BD056A5E1F150D7B0001ABF9 /* rootViewController.swift in Sources */ = {isa = PBXBuildFile; fileRef = BD056A5D1F150D7B0001ABF9 /* rootViewController.swift */; };
		BD056A621F154E0C0001ABF9 /* Login.storyboard in Resources */ = {isa = PBXBuildFile; fileRef = BD056A611F154E0C0001ABF9 /* Login.storyboard */; };
/* End PBXBuildFile section */

/* Begin PBXFileReference section */
		3597B7613760FF952DD24245 /* Pods-Makestagram.release.xcconfig */ = {isa = PBXFileReference; includeInIndex = 1; lastKnownFileType = text.xcconfig; name = "Pods-Makestagram.release.xcconfig"; path = "Pods/Target Support Files/Pods-Makestagram/Pods-Makestagram.release.xcconfig"; sourceTree = "<group>"; };
		BD056A391F13BD1F0001ABF9 /* Makestagram.app */ = {isa = PBXFileReference; explicitFileType = wrapper.application; includeInIndex = 0; path = Makestagram.app; sourceTree = BUILT_PRODUCTS_DIR; };
		BD056A3C1F13BD1F0001ABF9 /* AppDelegate.swift */ = {isa = PBXFileReference; lastKnownFileType = sourcecode.swift; path = AppDelegate.swift; sourceTree = "<group>"; };
		BD056A411F13BD200001ABF9 /* Base */ = {isa = PBXFileReference; lastKnownFileType = file.storyboard; name = Base; path = Base.lproj/Main.storyboard; sourceTree = "<group>"; };
		BD056A431F13BD200001ABF9 /* Assets.xcassets */ = {isa = PBXFileReference; lastKnownFileType = folder.assetcatalog; path = Assets.xcassets; sourceTree = "<group>"; };
		BD056A461F13BD200001ABF9 /* Base */ = {isa = PBXFileReference; lastKnownFileType = file.storyboard; name = Base; path = Base.lproj/LaunchScreen.storyboard; sourceTree = "<group>"; };
		BD056A4E1F13DF740001ABF9 /* GoogleService-Info.plist */ = {isa = PBXFileReference; fileEncoding = 4; lastKnownFileType = text.plist.xml; name = "GoogleService-Info.plist"; path = "../../../Downloads/GoogleService-Info.plist"; sourceTree = "<group>"; };
		BD056A501F13ED270001ABF9 /* ViewController.swift */ = {isa = PBXFileReference; fileEncoding = 4; lastKnownFileType = sourcecode.swift; path = ViewController.swift; sourceTree = "<group>"; };
		BD056A521F13F09D0001ABF9 /* Info.plist */ = {isa = PBXFileReference; fileEncoding = 4; lastKnownFileType = text.plist.xml; path = Info.plist; sourceTree = "<group>"; };
		BD056A561F1408F20001ABF9 /* Storyboard.storyboard */ = {isa = PBXFileReference; fileEncoding = 4; lastKnownFileType = file.storyboard; name = Storyboard.storyboard; path = Storyboards/Storyboard.storyboard; sourceTree = "<group>"; };
		BD056A581F140CCD0001ABF9 /* LoginViewController.swift */ = {isa = PBXFileReference; fileEncoding = 4; lastKnownFileType = sourcecode.swift; path = LoginViewController.swift; sourceTree = "<group>"; };
		BD056A5D1F150D7B0001ABF9 /* rootViewController.swift */ = {isa = PBXFileReference; fileEncoding = 4; lastKnownFileType = sourcecode.swift; path = rootViewController.swift; sourceTree = "<group>"; };
		BD056A611F154E0C0001ABF9 /* Login.storyboard */ = {isa = PBXFileReference; fileEncoding = 4; lastKnownFileType = file.storyboard; path = Login.storyboard; sourceTree = "<group>"; };
		D430E9D0BF78F00E6DE149E6 /* Pods-Makestagram.debug.xcconfig */ = {isa = PBXFileReference; includeInIndex = 1; lastKnownFileType = text.xcconfig; name = "Pods-Makestagram.debug.xcconfig"; path = "Pods/Target Support Files/Pods-Makestagram/Pods-Makestagram.debug.xcconfig"; sourceTree = "<group>"; };
		F83B043360043B86E1027E0C /* Pods_Makestagram.framework */ = {isa = PBXFileReference; explicitFileType = wrapper.framework; includeInIndex = 0; path = Pods_Makestagram.framework; sourceTree = BUILT_PRODUCTS_DIR; };
/* End PBXFileReference section */

/* Begin PBXFrameworksBuildPhase section */
		BD056A361F13BD1F0001ABF9 /* Frameworks */ = {
			isa = PBXFrameworksBuildPhase;
			buildActionMask = 2147483647;
			files = (
				0E3809B9CFABC690C99B7F48 /* Pods_Makestagram.framework in Frameworks */,
			);
			runOnlyForDeploymentPostprocessing = 0;
		};
/* End PBXFrameworksBuildPhase section */

/* Begin PBXGroup section */
		62F9DFD3453EA2F28CE10947 /* Pods */ = {
			isa = PBXGroup;
			children = (
				D430E9D0BF78F00E6DE149E6 /* Pods-Makestagram.debug.xcconfig */,
				3597B7613760FF952DD24245 /* Pods-Makestagram.release.xcconfig */,
			);
			name = Pods;
			sourceTree = "<group>";
		};
		793D06FF1FD13DD7228A905C /* Frameworks */ = {
			isa = PBXGroup;
			children = (
				F83B043360043B86E1027E0C /* Pods_Makestagram.framework */,
			);
			name = Frameworks;
			sourceTree = "<group>";
		};
		BD056A301F13BD1F0001ABF9 = {
			isa = PBXGroup;
			children = (
				BD056A3B1F13BD1F0001ABF9 /* Makestagram */,
				BD056A3A1F13BD1F0001ABF9 /* Products */,
				62F9DFD3453EA2F28CE10947 /* Pods */,
				793D06FF1FD13DD7228A905C /* Frameworks */,
			);
			sourceTree = "<group>";
		};
		BD056A3A1F13BD1F0001ABF9 /* Products */ = {
			isa = PBXGroup;
			children = (
				BD056A391F13BD1F0001ABF9 /* Makestagram.app */,
			);
			name = Products;
			sourceTree = "<group>";
		};
		BD056A3B1F13BD1F0001ABF9 /* Makestagram */ = {
			isa = PBXGroup;
			children = (
				BD056A3C1F13BD1F0001ABF9 /* AppDelegate.swift */,
				BD056A5A1F140CD90001ABF9 /* View Controller */,
				BD056A551F14085F0001ABF9 /* Storyboards */,
				BD056A431F13BD200001ABF9 /* Assets.xcassets */,
				BD056A541F1400360001ABF9 /* Supporting Files */,
			);
			path = Makestagram;
			sourceTree = "<group>";
		};
		BD056A541F1400360001ABF9 /* Supporting Files */ = {
			isa = PBXGroup;
			children = (
				BD056A451F13BD200001ABF9 /* LaunchScreen.storyboard */,
				BD056A521F13F09D0001ABF9 /* Info.plist */,
				BD056A4E1F13DF740001ABF9 /* GoogleService-Info.plist */,
			);
			name = "Supporting Files";
			sourceTree = "<group>";
		};
		BD056A551F14085F0001ABF9 /* Storyboards */ = {
			isa = PBXGroup;
			children = (
				BD056A401F13BD200001ABF9 /* Main.storyboard */,
				BD056A561F1408F20001ABF9 /* Storyboard.storyboard */,
				BD056A611F154E0C0001ABF9 /* Login.storyboard */,
			);
			name = Storyboards;
			sourceTree = "<group>";
		};
		BD056A5A1F140CD90001ABF9 /* View Controller */ = {
			isa = PBXGroup;
			children = (
				BD056A501F13ED270001ABF9 /* ViewController.swift */,
				BD056A581F140CCD0001ABF9 /* LoginViewController.swift */,
				BD056A5D1F150D7B0001ABF9 /* rootViewController.swift */,
			);
			name = "View Controller";
			sourceTree = "<group>";
		};
/* End PBXGroup section */

/* Begin PBXNativeTarget section */
		BD056A381F13BD1F0001ABF9 /* Makestagram */ = {
			isa = PBXNativeTarget;
			buildConfigurationList = BD056A4B1F13BD200001ABF9 /* Build configuration list for PBXNativeTarget "Makestagram" */;
			buildPhases = (
				EF5EC292FB2972781E91E835 /* [CP] Check Pods Manifest.lock */,
				BD056A351F13BD1F0001ABF9 /* Sources */,
				BD056A361F13BD1F0001ABF9 /* Frameworks */,
				BD056A371F13BD1F0001ABF9 /* Resources */,
				F26A7F3B3463D7A7D3199E05 /* [CP] Embed Pods Frameworks */,
				64AB4EE6A20A13E80BAA2E31 /* [CP] Copy Pods Resources */,
			);
			buildRules = (
			);
			dependencies = (
			);
			name = Makestagram;
			productName = Makestagram;
			productReference = BD056A391F13BD1F0001ABF9 /* Makestagram.app */;
			productType = "com.apple.product-type.application";
		};
/* End PBXNativeTarget section */

/* Begin PBXProject section */
		BD056A311F13BD1F0001ABF9 /* Project object */ = {
			isa = PBXProject;
			attributes = {
				LastSwiftUpdateCheck = 0830;
				LastUpgradeCheck = 0830;
				ORGANIZATIONNAME = "Adenrele Adepoju";
				TargetAttributes = {
					BD056A381F13BD1F0001ABF9 = {
						CreatedOnToolsVersion = 8.3.3;
						DevelopmentTeam = T83E4894QE;
						ProvisioningStyle = Automatic;
					};
				};
			};
			buildConfigurationList = BD056A341F13BD1F0001ABF9 /* Build configuration list for PBXProject "Makestagram" */;
			compatibilityVersion = "Xcode 3.2";
			developmentRegion = English;
			hasScannedForEncodings = 0;
			knownRegions = (
				en,
				Base,
			);
			mainGroup = BD056A301F13BD1F0001ABF9;
			productRefGroup = BD056A3A1F13BD1F0001ABF9 /* Products */;
			projectDirPath = "";
			projectRoot = "";
			targets = (
				BD056A381F13BD1F0001ABF9 /* Makestagram */,
			);
		};
/* End PBXProject section */

/* Begin PBXResourcesBuildPhase section */
		BD056A371F13BD1F0001ABF9 /* Resources */ = {
			isa = PBXResourcesBuildPhase;
			buildActionMask = 2147483647;
			files = (
				BD056A471F13BD200001ABF9 /* LaunchScreen.storyboard in Resources */,
				BD056A4F1F13DF740001ABF9 /* GoogleService-Info.plist in Resources */,
				BD056A621F154E0C0001ABF9 /* Login.storyboard in Resources */,
				BD056A441F13BD200001ABF9 /* Assets.xcassets in Resources */,
				BD056A421F13BD200001ABF9 /* Main.storyboard in Resources */,
				BD056A571F1408F20001ABF9 /* Storyboard.storyboard in Resources */,
			);
			runOnlyForDeploymentPostprocessing = 0;
		};
/* End PBXResourcesBuildPhase section */

/* Begin PBXShellScriptBuildPhase section */
		64AB4EE6A20A13E80BAA2E31 /* [CP] Copy Pods Resources */ = {
			isa = PBXShellScriptBuildPhase;
			buildActionMask = 2147483647;
			files = (
			);
			inputPaths = (
			);
			name = "[CP] Copy Pods Resources";
			outputPaths = (
			);
			runOnlyForDeploymentPostprocessing = 0;
			shellPath = /bin/sh;
			shellScript = "\"${SRCROOT}/Pods/Target Support Files/Pods-Makestagram/Pods-Makestagram-resources.sh\"\n";
			showEnvVarsInLog = 0;
		};
		EF5EC292FB2972781E91E835 /* [CP] Check Pods Manifest.lock */ = {
			isa = PBXShellScriptBuildPhase;
			buildActionMask = 2147483647;
			files = (
			);
			inputPaths = (
			);
			name = "[CP] Check Pods Manifest.lock";
			outputPaths = (
			);
			runOnlyForDeploymentPostprocessing = 0;
			shellPath = /bin/sh;
			shellScript = "diff \"${PODS_PODFILE_DIR_PATH}/Podfile.lock\" \"${PODS_ROOT}/Manifest.lock\" > /dev/null\nif [ $? != 0 ] ; then\n    # print error to STDERR\n    echo \"error: The sandbox is not in sync with the Podfile.lock. Run 'pod install' or update your CocoaPods installation.\" >&2\n    exit 1\nfi\n";
			showEnvVarsInLog = 0;
		};
		F26A7F3B3463D7A7D3199E05 /* [CP] Embed Pods Frameworks */ = {
			isa = PBXShellScriptBuildPhase;
			buildActionMask = 2147483647;
			files = (
			);
			inputPaths = (
			);
			name = "[CP] Embed Pods Frameworks";
			outputPaths = (
			);
			runOnlyForDeploymentPostprocessing = 0;
			shellPath = /bin/sh;
			shellScript = "\"${SRCROOT}/Pods/Target Support Files/Pods-Makestagram/Pods-Makestagram-frameworks.sh\"\n";
			showEnvVarsInLog = 0;
		};
/* End PBXShellScriptBuildPhase section */

/* Begin PBXSourcesBuildPhase section */
		BD056A351F13BD1F0001ABF9 /* Sources */ = {
			isa = PBXSourcesBuildPhase;
			buildActionMask = 2147483647;
			files = (
				BD056A511F13ED270001ABF9 /* ViewController.swift in Sources */,
				BD056A5E1F150D7B0001ABF9 /* rootViewController.swift in Sources */,
				BD056A3D1F13BD1F0001ABF9 /* AppDelegate.swift in Sources */,
			);
			runOnlyForDeploymentPostprocessing = 0;
		};
/* End PBXSourcesBuildPhase section */

/* Begin PBXVariantGroup section */
		BD056A401F13BD200001ABF9 /* Main.storyboard */ = {
			isa = PBXVariantGroup;
			children = (
				BD056A411F13BD200001ABF9 /* Base */,
			);
			name = Main.storyboard;
			sourceTree = "<group>";
		};
		BD056A451F13BD200001ABF9 /* LaunchScreen.storyboard */ = {
			isa = PBXVariantGroup;
			children = (
				BD056A461F13BD200001ABF9 /* Base */,
			);
			name = LaunchScreen.storyboard;
			sourceTree = "<group>";
		};
/* End PBXVariantGroup section */

/* Begin XCBuildConfiguration section */
		BD056A491F13BD200001ABF9 /* Debug */ = {
			isa = XCBuildConfiguration;
			buildSettings = {
				ALWAYS_SEARCH_USER_PATHS = NO;
				CLANG_ANALYZER_NONNULL = YES;
				CLANG_ANALYZER_NUMBER_OBJECT_CONVERSION = YES_AGGRESSIVE;
				CLANG_CXX_LANGUAGE_STANDARD = "gnu++0x";
				CLANG_CXX_LIBRARY = "libc++";
				CLANG_ENABLE_MODULES = YES;
				CLANG_ENABLE_OBJC_ARC = YES;
				CLANG_WARN_BOOL_CONVERSION = YES;
				CLANG_WARN_CONSTANT_CONVERSION = YES;
				CLANG_WARN_DIRECT_OBJC_ISA_USAGE = YES_ERROR;
				CLANG_WARN_DOCUMENTATION_COMMENTS = YES;
				CLANG_WARN_EMPTY_BODY = YES;
				CLANG_WARN_ENUM_CONVERSION = YES;
				CLANG_WARN_INFINITE_RECURSION = YES;
				CLANG_WARN_INT_CONVERSION = YES;
				CLANG_WARN_OBJC_ROOT_CLASS = YES_ERROR;
				CLANG_WARN_SUSPICIOUS_MOVE = YES;
				CLANG_WARN_UNREACHABLE_CODE = YES;
				CLANG_WARN__DUPLICATE_METHOD_MATCH = YES;
				"CODE_SIGN_IDENTITY[sdk=iphoneos*]" = "iPhone Developer";
				COPY_PHASE_STRIP = NO;
				DEBUG_INFORMATION_FORMAT = dwarf;
				ENABLE_STRICT_OBJC_MSGSEND = YES;
				ENABLE_TESTABILITY = YES;
				GCC_C_LANGUAGE_STANDARD = gnu99;
				GCC_DYNAMIC_NO_PIC = NO;
				GCC_NO_COMMON_BLOCKS = YES;
				GCC_OPTIMIZATION_LEVEL = 0;
				GCC_PREPROCESSOR_DEFINITIONS = (
					"DEBUG=1",
					"$(inherited)",
				);
				GCC_WARN_64_TO_32_BIT_CONVERSION = YES;
				GCC_WARN_ABOUT_RETURN_TYPE = YES_ERROR;
				GCC_WARN_UNDECLARED_SELECTOR = YES;
				GCC_WARN_UNINITIALIZED_AUTOS = YES_AGGRESSIVE;
				GCC_WARN_UNUSED_FUNCTION = YES;
				GCC_WARN_UNUSED_VARIABLE = YES;
				IPHONEOS_DEPLOYMENT_TARGET = 10.3;
				MTL_ENABLE_DEBUG_INFO = YES;
				ONLY_ACTIVE_ARCH = YES;
				SDKROOT = iphoneos;
				SWIFT_ACTIVE_COMPILATION_CONDITIONS = DEBUG;
				SWIFT_OPTIMIZATION_LEVEL = "-Onone";
			};
			name = Debug;
		};
		BD056A4A1F13BD200001ABF9 /* Release */ = {
			isa = XCBuildConfiguration;
			buildSettings = {
				ALWAYS_SEARCH_USER_PATHS = NO;
				CLANG_ANALYZER_NONNULL = YES;
				CLANG_ANALYZER_NUMBER_OBJECT_CONVERSION = YES_AGGRESSIVE;
				CLANG_CXX_LANGUAGE_STANDARD = "gnu++0x";
				CLANG_CXX_LIBRARY = "libc++";
				CLANG_ENABLE_MODULES = YES;
				CLANG_ENABLE_OBJC_ARC = YES;
				CLANG_WARN_BOOL_CONVERSION = YES;
				CLANG_WARN_CONSTANT_CONVERSION = YES;
				CLANG_WARN_DIRECT_OBJC_ISA_USAGE = YES_ERROR;
				CLANG_WARN_DOCUMENTATION_COMMENTS = YES;
				CLANG_WARN_EMPTY_BODY = YES;
				CLANG_WARN_ENUM_CONVERSION = YES;
				CLANG_WARN_INFINITE_RECURSION = YES;
				CLANG_WARN_INT_CONVERSION = YES;
				CLANG_WARN_OBJC_ROOT_CLASS = YES_ERROR;
				CLANG_WARN_SUSPICIOUS_MOVE = YES;
				CLANG_WARN_UNREACHABLE_CODE = YES;
				CLANG_WARN__DUPLICATE_METHOD_MATCH = YES;
				"CODE_SIGN_IDENTITY[sdk=iphoneos*]" = "iPhone Developer";
				COPY_PHASE_STRIP = NO;
				DEBUG_INFORMATION_FORMAT = "dwarf-with-dsym";
				ENABLE_NS_ASSERTIONS = NO;
				ENABLE_STRICT_OBJC_MSGSEND = YES;
				GCC_C_LANGUAGE_STANDARD = gnu99;
				GCC_NO_COMMON_BLOCKS = YES;
				GCC_WARN_64_TO_32_BIT_CONVERSION = YES;
				GCC_WARN_ABOUT_RETURN_TYPE = YES_ERROR;
				GCC_WARN_UNDECLARED_SELECTOR = YES;
				GCC_WARN_UNINITIALIZED_AUTOS = YES_AGGRESSIVE;
				GCC_WARN_UNUSED_FUNCTION = YES;
				GCC_WARN_UNUSED_VARIABLE = YES;
				IPHONEOS_DEPLOYMENT_TARGET = 10.3;
				MTL_ENABLE_DEBUG_INFO = NO;
				SDKROOT = iphoneos;
				SWIFT_OPTIMIZATION_LEVEL = "-Owholemodule";
				VALIDATE_PRODUCT = YES;
			};
			name = Release;
		};
		BD056A4C1F13BD200001ABF9 /* Debug */ = {
			isa = XCBuildConfiguration;
			baseConfigurationReference = D430E9D0BF78F00E6DE149E6 /* Pods-Makestagram.debug.xcconfig */;
			buildSettings = {
				ASSETCATALOG_COMPILER_APPICON_NAME = AppIcon;
				DEVELOPMENT_TEAM = T83E4894QE;
				INFOPLIST_FILE = Makestagram/Info.plist;
				LD_RUNPATH_SEARCH_PATHS = "$(inherited) @executable_path/Frameworks";
				PRODUCT_BUNDLE_IDENTIFIER = com.adenrelea.Makestagram;
				PRODUCT_NAME = "$(TARGET_NAME)";
				SWIFT_VERSION = 3.0;
			};
			name = Debug;
		};
		BD056A4D1F13BD200001ABF9 /* Release */ = {
			isa = XCBuildConfiguration;
			baseConfigurationReference = 3597B7613760FF952DD24245 /* Pods-Makestagram.release.xcconfig */;
			buildSettings = {
				ASSETCATALOG_COMPILER_APPICON_NAME = AppIcon;
				DEVELOPMENT_TEAM = T83E4894QE;
				INFOPLIST_FILE = Makestagram/Info.plist;
				LD_RUNPATH_SEARCH_PATHS = "$(inherited) @executable_path/Frameworks";
				PRODUCT_BUNDLE_IDENTIFIER = com.adenrelea.Makestagram;
				PRODUCT_NAME = "$(TARGET_NAME)";
				SWIFT_VERSION = 3.0;
			};
			name = Release;
		};
/* End XCBuildConfiguration section */

/* Begin XCConfigurationList section */
		BD056A341F13BD1F0001ABF9 /* Build configuration list for PBXProject "Makestagram" */ = {
			isa = XCConfigurationList;
			buildConfigurations = (
				BD056A491F13BD200001ABF9 /* Debug */,
				BD056A4A1F13BD200001ABF9 /* Release */,
			);
			defaultConfigurationIsVisible = 0;
			defaultConfigurationName = Release;
		};
		BD056A4B1F13BD200001ABF9 /* Build configuration list for PBXNativeTarget "Makestagram" */ = {
			isa = XCConfigurationList;
			buildConfigurations = (
				BD056A4C1F13BD200001ABF9 /* Debug */,
				BD056A4D1F13BD200001ABF9 /* Release */,
			);
			defaultConfigurationIsVisible = 0;
			defaultConfigurationName = Release;
		};
/* End XCConfigurationList section */
	};
	rootObject = BD056A311F13BD1F0001ABF9 /* Project object */;
}
